// !$*UTF8*$!
{
	archiveVersion = 1;
	classes = {
	};
	objectVersion = 56;
	objects = {

/* Begin PBXBuildFile section */
		2F80460888694921AC6F40E1 /* TinyFoodTourApp.swift in Sources */ = {isa = PBXBuildFile; fileRef = DC6B033D185C45CD9E801C84 /* TinyFoodTourApp.swift */; };
		2B12203D523D49F6AAAD9E5E /* Tour.swift in Sources */ = {isa = PBXBuildFile; fileRef = 37C2AAF3BCDA4BAEB8CF16D3 /* Tour.swift */; };
		D8785603012C49CCA3FA94B8 /* QuizStep.swift in Sources */ = {isa = PBXBuildFile; fileRef = D05C455C866A4660BD564302 /* QuizStep.swift */; };
		ADD5D1EE2EE44429A9495FC2 /* SupabaseService.swift in Sources */ = {isa = PBXBuildFile; fileRef = 6238D8DA1FF749699397E55D /* SupabaseService.swift */; };
		AEB7C68BE2674F2687A78B94 /* LocationService.swift in Sources */ = {isa = PBXBuildFile; fileRef = 68D83F78DAD046B7947DA041 /* LocationService.swift */; };
		65EFBF4D94A24180A538A3EE /* AuthViewModel.swift in Sources */ = {isa = PBXBuildFile; fileRef = 9CD2BFA54704448C9DB23E72 /* AuthViewModel.swift */; };
		6FCBA3C99C014DD6B8103441 /* QuizViewModel.swift in Sources */ = {isa = PBXBuildFile; fileRef = E798E349461D4366BACC8898 /* QuizViewModel.swift */; };
		C5B1DDA8D8904AD2B55059B9 /* TourViewModel.swift in Sources */ = {isa = PBXBuildFile; fileRef = DE308F8C92CE498492818B69 /* TourViewModel.swift */; };
		E9EF8AC703FB4372B4B76106 /* LiveTourViewModel.swift in Sources */ = {isa = PBXBuildFile; fileRef = D63B5E49B2734C77A87EC942 /* LiveTourViewModel.swift */; };
		CC754112A54C4B81A35255C6 /* BrandMarkView.swift in Sources */ = {isa = PBXBuildFile; fileRef = 75C33272D5FF47FB8D82C9DE /* BrandMarkView.swift */; };
		01015130CE3D4A7DAB6FC8B6 /* StopLabel.swift in Sources */ = {isa = PBXBuildFile; fileRef = DA994434580C48A5BCFBE2FA /* StopLabel.swift */; };
		61D4BCEEF11D4C37A260CB82 /* StatusBarModifier.swift in Sources */ = {isa = PBXBuildFile; fileRef = 1E7249BF295843B5951E66D6 /* StatusBarModifier.swift */; };
		5406EA67AE62422382C81010 /* SafeArea.swift in Sources */ = {isa = PBXBuildFile; fileRef = 36A8AB249B6A4E459953904A /* SafeArea.swift */; };
		004619F2FC594F32A4B9E4ED /* SplashView.swift in Sources */ = {isa = PBXBuildFile; fileRef = F853BD9B9D1C4D55B157FFE6 /* SplashView.swift */; };
		A7B93AFCF61A4BF0ABB6DDB5 /* HomeView.swift in Sources */ = {isa = PBXBuildFile; fileRef = 31C76BEEE32B480F87CD4CAA /* HomeView.swift */; };
		3BCE8C450B434C46A2690454 /* QuizView.swift in Sources */ = {isa = PBXBuildFile; fileRef = 9403D2E2F37C4D4F8B6F5A72 /* QuizView.swift */; };
		08AF5E873239419CA7D278EB /* NeighborhoodStepView.swift in Sources */ = {isa = PBXBuildFile; fileRef = C5EF063D689E42709AD701A8 /* NeighborhoodStepView.swift */; };
		1B5694E6645E486DAF5249A1 /* GeneratingView.swift in Sources */ = {isa = PBXBuildFile; fileRef = 4CC9F5F08A3E4B2DBB230BAB /* GeneratingView.swift */; };
		FD5F5F28037644DD9CB809E8 /* ResultsView.swift in Sources */ = {isa = PBXBuildFile; fileRef = 0D07148CFACE4E189F8084D1 /* ResultsView.swift */; };
		F76118E6E339464F9B220AE8 /* LiveTourView.swift in Sources */ = {isa = PBXBuildFile; fileRef = BE65E8CD5F7A436EB841C176 /* LiveTourView.swift */; };
		5491BC0E77244D2A874FA2DA /* AuthView.swift in Sources */ = {isa = PBXBuildFile; fileRef = 4966CE24C5D44A2E80A382FB /* AuthView.swift */; };
		1E700E07D3324CF4A1114831 /* ProfileView.swift in Sources */ = {isa = PBXBuildFile; fileRef = 4D0EB15213C14C27933C3036 /* ProfileView.swift */; };
		3065A170C6AB4A339CB15AFC /* ProfileViewModel.swift in Sources */ = {isa = PBXBuildFile; fileRef = 02EF5A9A282042EF8EA94B01 /* ProfileViewModel.swift */; };
		36C73DAFF71A4557A2AC58D9 /* Assets.xcassets in Resources */ = {isa = PBXBuildFile; fileRef = ABDF397DD1E24B44ADC433C1 /* Assets.xcassets */; };
		B94BB2136EC44F5B953F6B0D /* Preview Assets.xcassets in Resources */ = {isa = PBXBuildFile; fileRef = 9DEB510E052C4DFFABB13976 /* Preview Assets.xcassets */; };
/* End PBXBuildFile section */

/* Begin PBXFileReference section */
		DC6B033D185C45CD9E801C84 /* TinyFoodTourApp.swift */ = {isa = PBXFileReference; lastKnownFileType = sourcecode.swift; path = TinyFoodTourApp.swift; sourceTree = "<group>"; };
		37C2AAF3BCDA4BAEB8CF16D3 /* Tour.swift */ = {isa = PBXFileReference; lastKnownFileType = sourcecode.swift; path = Tour.swift; sourceTree = "<group>"; };
		D05C455C866A4660BD564302 /* QuizStep.swift */ = {isa = PBXFileReference; lastKnownFileType = sourcecode.swift; path = QuizStep.swift; sourceTree = "<group>"; };
		6238D8DA1FF749699397E55D /* SupabaseService.swift */ = {isa = PBXFileReference; lastKnownFileType = sourcecode.swift; path = SupabaseService.swift; sourceTree = "<group>"; };
		68D83F78DAD046B7947DA041 /* LocationService.swift */ = {isa = PBXFileReference; lastKnownFileType = sourcecode.swift; path = LocationService.swift; sourceTree = "<group>"; };
		9CD2BFA54704448C9DB23E72 /* AuthViewModel.swift */ = {isa = PBXFileReference; lastKnownFileType = sourcecode.swift; path = AuthViewModel.swift; sourceTree = "<group>"; };
		E798E349461D4366BACC8898 /* QuizViewModel.swift */ = {isa = PBXFileReference; lastKnownFileType = sourcecode.swift; path = QuizViewModel.swift; sourceTree = "<group>"; };
		DE308F8C92CE498492818B69 /* TourViewModel.swift */ = {isa = PBXFileReference; lastKnownFileType = sourcecode.swift; path = TourViewModel.swift; sourceTree = "<group>"; };
		D63B5E49B2734C77A87EC942 /* LiveTourViewModel.swift */ = {isa = PBXFileReference; lastKnownFileType = sourcecode.swift; path = LiveTourViewModel.swift; sourceTree = "<group>"; };
		75C33272D5FF47FB8D82C9DE /* BrandMarkView.swift */ = {isa = PBXFileReference; lastKnownFileType = sourcecode.swift; path = BrandMarkView.swift; sourceTree = "<group>"; };
		DA994434580C48A5BCFBE2FA /* StopLabel.swift */ = {isa = PBXFileReference; lastKnownFileType = sourcecode.swift; path = StopLabel.swift; sourceTree = "<group>"; };
		1E7249BF295843B5951E66D6 /* StatusBarModifier.swift */ = {isa = PBXFileReference; lastKnownFileType = sourcecode.swift; path = StatusBarModifier.swift; sourceTree = "<group>"; };
		36A8AB249B6A4E459953904A /* SafeArea.swift */ = {isa = PBXFileReference; lastKnownFileType = sourcecode.swift; path = SafeArea.swift; sourceTree = "<group>"; };
		F853BD9B9D1C4D55B157FFE6 /* SplashView.swift */ = {isa = PBXFileReference; lastKnownFileType = sourcecode.swift; path = SplashView.swift; sourceTree = "<group>"; };
		31C76BEEE32B480F87CD4CAA /* HomeView.swift */ = {isa = PBXFileReference; lastKnownFileType = sourcecode.swift; path = HomeView.swift; sourceTree = "<group>"; };
		9403D2E2F37C4D4F8B6F5A72 /* QuizView.swift */ = {isa = PBXFileReference; lastKnownFileType = sourcecode.swift; path = QuizView.swift; sourceTree = "<group>"; };
		C5EF063D689E42709AD701A8 /* NeighborhoodStepView.swift */ = {isa = PBXFileReference; lastKnownFileType = sourcecode.swift; path = NeighborhoodStepView.swift; sourceTree = "<group>"; };
		4CC9F5F08A3E4B2DBB230BAB /* GeneratingView.swift */ = {isa = PBXFileReference; lastKnownFileType = sourcecode.swift; path = GeneratingView.swift; sourceTree = "<group>"; };
		0D07148CFACE4E189F8084D1 /* ResultsView.swift */ = {isa = PBXFileReference; lastKnownFileType = sourcecode.swift; path = ResultsView.swift; sourceTree = "<group>"; };
		BE65E8CD5F7A436EB841C176 /* LiveTourView.swift */ = {isa = PBXFileReference; lastKnownFileType = sourcecode.swift; path = LiveTourView.swift; sourceTree = "<group>"; };
		4966CE24C5D44A2E80A382FB /* AuthView.swift */ = {isa = PBXFileReference; lastKnownFileType = sourcecode.swift; path = AuthView.swift; sourceTree = "<group>"; };
		4D0EB15213C14C27933C3036 /* ProfileView.swift */ = {isa = PBXFileReference; lastKnownFileType = sourcecode.swift; path = ProfileView.swift; sourceTree = "<group>"; };
		02EF5A9A282042EF8EA94B01 /* ProfileViewModel.swift */ = {isa = PBXFileReference; lastKnownFileType = sourcecode.swift; path = ProfileViewModel.swift; sourceTree = "<group>"; };
		FA7360E668774D7ABD374598 /* TinyFoodTour.app */ = {isa = PBXFileReference; explicitFileType = wrapper.application; includeInIndex = 0; path = TinyFoodTour.app; sourceTree = BUILT_PRODUCTS_DIR; };
		ABDF397DD1E24B44ADC433C1 /* Assets.xcassets */ = {isa = PBXFileReference; lastKnownFileType = folder.assetcatalog; path = Assets.xcassets; sourceTree = "<group>"; };
		2A6E585B6027484F81B48191 /* Info.plist */ = {isa = PBXFileReference; lastKnownFileType = text.plist.xml; path = Info.plist; sourceTree = "<group>"; };
		9DEB510E052C4DFFABB13976 /* Preview Assets.xcassets */ = {isa = PBXFileReference; lastKnownFileType = folder.assetcatalog; path = "Preview Assets.xcassets"; sourceTree = "<group>"; };
		1B8744CE28FD44529AE63CC9 /* LaunchScreen.storyboard */ = {isa = PBXFileReference; lastKnownFileType = file.storyboard; path = LaunchScreen.storyboard; sourceTree = "<group>"; };
/* End PBXFileReference section */

/* Begin PBXFrameworksBuildPhase section */
		1858711E86BB4DAEB98CD047 /* Frameworks */ = {
			isa = PBXFrameworksBuildPhase;
			buildActionMask = 2147483647;
			files = (
			);
			runOnlyForDeploymentPostprocessing = 0;
		};
/* End PBXFrameworksBuildPhase section */

/* Begin PBXGroup section */
		459768A5189C4329B4EBBCF1 = {
			isa = PBXGroup;
			children = (
				803B45D5C96C4AFF8EB75B55 /* TinyFoodTour */,
				94B5CC075B1E4A9D939E0FD9 /* Products */,
			);
			sourceTree = "<group>";
		};
		94B5CC075B1E4A9D939E0FD9 = {
			isa = PBXGroup;
			children = (
				FA7360E668774D7ABD374598 /* TinyFoodTour.app */,
			);
			name = Products;
			sourceTree = "<group>";
		};
		803B45D5C96C4AFF8EB75B55 = {
			isa = PBXGroup;
			children = (
				DC6B033D185C45CD9E801C84 /* TinyFoodTourApp.swift */,
				F41381128A704AB887444AAA /* Models */,
				63D5B01149734204A960859B /* Services */,
				ED4705E9ABEC46FC8AD82D9B /* ViewModels */,
				8E614132BC6F49F3AFA66C98 /* Views */,
				ABDF397DD1E24B44ADC433C1 /* Assets.xcassets */,
				2A6E585B6027484F81B48191 /* Info.plist */,
				579E799F6DDB4056A13ADA9B /* Preview Content */,
				3C41797BB3744AD7B1241148 /* Launch */,
			);
			path = TinyFoodTour;
			sourceTree = "<group>";
		};
		3C41797BB3744AD7B1241148 = {
			isa = PBXGroup;
			children = (
				1B8744CE28FD44529AE63CC9 /* LaunchScreen.storyboard */,
			);
			path = Launch;
			sourceTree = "<group>";
		};
		579E799F6DDB4056A13ADA9B = {
			isa = PBXGroup;
			children = (
				9DEB510E052C4DFFABB13976 /* Preview Assets.xcassets */,
			);
			path = "Preview Content";
			sourceTree = "<group>";
		};
		F41381128A704AB887444AAA = {
			isa = PBXGroup;
			children = (
				37C2AAF3BCDA4BAEB8CF16D3 /* Tour.swift */,
				D05C455C866A4660BD564302 /* QuizStep.swift */,
			);
			path = Models;
			sourceTree = "<group>";
		};
		63D5B01149734204A960859B = {
			isa = PBXGroup;
			children = (
				6238D8DA1FF749699397E55D /* SupabaseService.swift */,
				68D83F78DAD046B7947DA041 /* LocationService.swift */,
			);
			path = Services;
			sourceTree = "<group>";
		};
		ED4705E9ABEC46FC8AD82D9B = {
			isa = PBXGroup;
			children = (
				9CD2BFA54704448C9DB23E72 /* AuthViewModel.swift */,
				E798E349461D4366BACC8898 /* QuizViewModel.swift */,
				DE308F8C92CE498492818B69 /* TourViewModel.swift */,
				D63B5E49B2734C77A87EC942 /* LiveTourViewModel.swift */,
				02EF5A9A282042EF8EA94B01 /* ProfileViewModel.swift */,
			);
			path = ViewModels;
			sourceTree = "<group>";
		};
		8E614132BC6F49F3AFA66C98 = {
			isa = PBXGroup;
			children = (
				60A43BADC7894594AFA7EEF2 /* Shared */,
				6EBBFE54183A4A90A1CBDF5F /* Home */,
				6945A82AF69C416E8732077B /* Quiz */,
				E8EF4520944B4A0C800C18AE /* Generating */,
				5835599973224537AA71176F /* Results */,
				5046A7A1FC0A4110B9FBDA58 /* LiveTour */,
				ED4C39F39C394EFBABC41BC1 /* Auth */,
			);
			path = Views;
			sourceTree = "<group>";
		};
		60A43BADC7894594AFA7EEF2 = {
			isa = PBXGroup;
			children = (
				75C33272D5FF47FB8D82C9DE /* BrandMarkView.swift */,
				DA994434580C48A5BCFBE2FA /* StopLabel.swift */,
				1E7249BF295843B5951E66D6 /* StatusBarModifier.swift */,
				36A8AB249B6A4E459953904A /* SafeArea.swift */,
				F853BD9B9D1C4D55B157FFE6 /* SplashView.swift */,
			);
			path = Shared;
			sourceTree = "<group>";
		};
		6EBBFE54183A4A90A1CBDF5F = {
			isa = PBXGroup;
			children = (
				31C76BEEE32B480F87CD4CAA /* HomeView.swift */,
			);
			path = Home;
			sourceTree = "<group>";
		};
		6945A82AF69C416E8732077B = {
			isa = PBXGroup;
			children = (
				9403D2E2F37C4D4F8B6F5A72 /* QuizView.swift */,
				C5EF063D689E42709AD701A8 /* NeighborhoodStepView.swift */,
			);
			path = Quiz;
			sourceTree = "<group>";
		};
		E8EF4520944B4A0C800C18AE = {
			isa = PBXGroup;
			children = (
				4CC9F5F08A3E4B2DBB230BAB /* GeneratingView.swift */,
			);
			path = Generating;
			sourceTree = "<group>";
		};
		5835599973224537AA71176F = {
			isa = PBXGroup;
			children = (
				0D07148CFACE4E189F8084D1 /* ResultsView.swift */,
			);
			path = Results;
			sourceTree = "<group>";
		};
		5046A7A1FC0A4110B9FBDA58 = {
			isa = PBXGroup;
			children = (
				BE65E8CD5F7A436EB841C176 /* LiveTourView.swift */,
			);
			path = LiveTour;
			sourceTree = "<group>";
		};
		ED4C39F39C394EFBABC41BC1 = {
			isa = PBXGroup;
			children = (
				4966CE24C5D44A2E80A382FB /* AuthView.swift */,
				4D0EB15213C14C27933C3036 /* ProfileView.swift */,
			);
			path = Auth;
			sourceTree = "<group>";
		};
/* End PBXGroup section */

/* Begin PBXNativeTarget section */
		7FFC5FB94B454C129C318EA4 /* TinyFoodTour */ = {
			isa = PBXNativeTarget;
			buildConfigurationList = 0D768FEDF52D4E29B7CE82F1;
			buildPhases = (
				0FB999FD923A4C5988EF25C6 /* Sources */,
				1858711E86BB4DAEB98CD047 /* Frameworks */,
				A2BA14D317614555AE0712A7 /* Resources */,
			);
			buildRules = (
			);
			dependencies = (
			);
			name = TinyFoodTour;
			productName = TinyFoodTour;
			productReference = FA7360E668774D7ABD374598 /* TinyFoodTour.app */;
			productType = "com.apple.product-type.application";
		};
/* End PBXNativeTarget section */

/* Begin PBXProject section */
		07FAB750A7014B06ADA7D530 /* Project object */ = {
			isa = PBXProject;
			attributes = {
				BuildIndependentTargetsInParallel = 1;
				LastSwiftUpdateCheck = 1500;
				LastUpgradeCheck = 1500;
				TargetAttributes = {
					7FFC5FB94B454C129C318EA4 = {
						CreatedOnToolsVersion = 15.0;
					};
				};
			};
			buildConfigurationList = 9C502AE2D758476D826E3BBC;
			compatibilityVersion = "Xcode 14.0";
			developmentRegion = en;
			hasScannedForEncodings = 0;
			knownRegions = (
				en,
				Base,
			);
			mainGroup = 459768A5189C4329B4EBBCF1;
			productRefGroup = 94B5CC075B1E4A9D939E0FD9 /* Products */;
			projectDirPath = "";
			projectRoot = "";
			targets = (
				7FFC5FB94B454C129C318EA4 /* TinyFoodTour */,
			);
		};
/* End PBXProject section */

/* Begin PBXResourcesBuildPhase section */
		A2BA14D317614555AE0712A7 /* Resources */ = {
			isa = PBXResourcesBuildPhase;
			buildActionMask = 2147483647;
			files = (
				36C73DAFF71A4557A2AC58D9 /* Assets.xcassets in Resources */,
				B94BB2136EC44F5B953F6B0D /* Preview Assets.xcassets in Resources */,
			);
			runOnlyForDeploymentPostprocessing = 0;
		};
/* End PBXResourcesBuildPhase section */

/* Begin PBXSourcesBuildPhase section */
		0FB999FD923A4C5988EF25C6 /* Sources */ = {
			isa = PBXSourcesBuildPhase;
			buildActionMask = 2147483647;
			files = (
				2F80460888694921AC6F40E1 /* TinyFoodTourApp.swift in Sources */,
				2B12203D523D49F6AAAD9E5E /* Tour.swift in Sources */,
				D8785603012C49CCA3FA94B8 /* QuizStep.swift in Sources */,
				ADD5D1EE2EE44429A9495FC2 /* SupabaseService.swift in Sources */,
				AEB7C68BE2674F2687A78B94 /* LocationService.swift in Sources */,
				65EFBF4D94A24180A538A3EE /* AuthViewModel.swift in Sources */,
				6FCBA3C99C014DD6B8103441 /* QuizViewModel.swift in Sources */,
				C5B1DDA8D8904AD2B55059B9 /* TourViewModel.swift in Sources */,
				E9EF8AC703FB4372B4B76106 /* LiveTourViewModel.swift in Sources */,
				CC754112A54C4B81A35255C6 /* BrandMarkView.swift in Sources */,
				01015130CE3D4A7DAB6FC8B6 /* StopLabel.swift in Sources */,
				61D4BCEEF11D4C37A260CB82 /* StatusBarModifier.swift in Sources */,
				5406EA67AE62422382C81010 /* SafeArea.swift in Sources */,
				004619F2FC594F32A4B9E4ED /* SplashView.swift in Sources */,
				A7B93AFCF61A4BF0ABB6DDB5 /* HomeView.swift in Sources */,
				3BCE8C450B434C46A2690454 /* QuizView.swift in Sources */,
				08AF5E873239419CA7D278EB /* NeighborhoodStepView.swift in Sources */,
				1B5694E6645E486DAF5249A1 /* GeneratingView.swift in Sources */,
				FD5F5F28037644DD9CB809E8 /* ResultsView.swift in Sources */,
				F76118E6E339464F9B220AE8 /* LiveTourView.swift in Sources */,
				5491BC0E77244D2A874FA2DA /* AuthView.swift in Sources */,
				1E700E07D3324CF4A1114831 /* ProfileView.swift in Sources */,
				3065A170C6AB4A339CB15AFC /* ProfileViewModel.swift in Sources */,
			);
			runOnlyForDeploymentPostprocessing = 0;
		};
/* End PBXSourcesBuildPhase section */

/* Begin XCBuildConfiguration section */
		4DB6DC329E60434E847AA54C /* Debug */ = {
			isa = XCBuildConfiguration;
			buildSettings = {
				ALWAYS_SEARCH_USER_PATHS = NO;
				CLANG_ENABLE_MODULES = YES;
				CLANG_ENABLE_OBJC_ARC = YES;
				COPY_PHASE_STRIP = NO;
				DEBUG_INFORMATION_FORMAT = dwarf;
				ENABLE_TESTABILITY = YES;
				GCC_DYNAMIC_NO_PIC = NO;
				GCC_NO_COMMON_BLOCKS = YES;
				GCC_OPTIMIZATION_LEVEL = 0;
				GCC_PREPROCESSOR_DEFINITIONS = (
					"DEBUG=1",
					"$(inherited)",
				);
				IPHONEOS_DEPLOYMENT_TARGET = 17.0;
				MTL_ENABLE_DEBUG_INFO = INCLUDE_SOURCE;
				MTL_FAST_MATH = YES;
				ONLY_ACTIVE_ARCH = YES;
				SDKROOT = iphoneos;
				SWIFT_ACTIVE_COMPILATION_CONDITIONS = DEBUG;
				SWIFT_OPTIMIZATION_LEVEL = "-Onone";
			};
			name = Debug;
		};
		5B1A8BD2B6F94A4C889113C4 /* Release */ = {
			isa = XCBuildConfiguration;
			buildSettings = {
				ALWAYS_SEARCH_USER_PATHS = NO;
				CLANG_ENABLE_MODULES = YES;
				CLANG_ENABLE_OBJC_ARC = YES;
				COPY_PHASE_STRIP = NO;
				DEBUG_INFORMATION_FORMAT = "dwarf-with-dsym";
				ENABLE_NS_ASSERTIONS = NO;
				IPHONEOS_DEPLOYMENT_TARGET = 17.0;
				MTL_FAST_MATH = YES;
				SDKROOT = iphoneos;
				SWIFT_COMPILATION_MODE = wholemodule;
				SWIFT_OPTIMIZATION_LEVEL = "-O";
				VALIDATE_PRODUCT = YES;
			};
			name = Release;
		};
		DCBEB769BCFD45B38B7A1653 /* Debug */ = {
			isa = XCBuildConfiguration;
			buildSettings = {
				ASSETCATALOG_COMPILER_APPICON_NAME = AppIcon;
				ASSETCATALOG_COMPILER_GLOBAL_ACCENT_COLOR_NAME = AccentColor;
				CODE_SIGN_STYLE = Automatic;
				CURRENT_PROJECT_VERSION = 1;
				ENABLE_PREVIEWS = YES;
				GENERATE_INFOPLIST_FILE = NO;
				INFOPLIST_FILE = TinyFoodTour/Info.plist;
				IPHONEOS_DEPLOYMENT_TARGET = 17.0;
				MARKETING_VERSION = 1.0;
				PRODUCT_BUNDLE_IDENTIFIER = com.tinyfoodtour.app;
				PRODUCT_NAME = "$(TARGET_NAME)";
				SDKROOT = iphoneos;
				SUPPORTED_PLATFORMS = "iphoneos iphonesimulator";
				SWIFT_VERSION = 5.0;
				TARGETED_DEVICE_FAMILY = "1,2";
			};
			name = Debug;
		};
		589052A2EEA94C7FBA8D4BBC /* Release */ = {
			isa = XCBuildConfiguration;
			buildSettings = {
				ASSETCATALOG_COMPILER_APPICON_NAME = AppIcon;
				ASSETCATALOG_COMPILER_GLOBAL_ACCENT_COLOR_NAME = AccentColor;
				CODE_SIGN_STYLE = Automatic;
				CURRENT_PROJECT_VERSION = 1;
				ENABLE_PREVIEWS = YES;
				GENERATE_INFOPLIST_FILE = NO;
				INFOPLIST_FILE = TinyFoodTour/Info.plist;
				IPHONEOS_DEPLOYMENT_TARGET = 17.0;
				MARKETING_VERSION = 1.0;
				PRODUCT_BUNDLE_IDENTIFIER = com.tinyfoodtour.app;
				PRODUCT_NAME = "$(TARGET_NAME)";
				SDKROOT = iphoneos;
				SUPPORTED_PLATFORMS = "iphoneos iphonesimulator";
				SWIFT_VERSION = 5.0;
				TARGETED_DEVICE_FAMILY = "1,2";
			};
			name = Release;
		};
/* End XCBuildConfiguration section */

/* Begin XCConfigurationList section */
		9C502AE2D758476D826E3BBC /* Build configuration list for PBXProject "TinyFoodTour" */ = {
			isa = XCConfigurationList;
			buildConfigurations = (
				4DB6DC329E60434E847AA54C /* Debug */,
				5B1A8BD2B6F94A4C889113C4 /* Release */,
			);
			defaultConfigurationIsVisible = 0;
			defaultConfigurationName = Release;
		};
		0D768FEDF52D4E29B7CE82F1 /* Build configuration list for PBXNativeTarget "TinyFoodTour" */ = {
			isa = XCConfigurationList;
			buildConfigurations = (
				DCBEB769BCFD45B38B7A1653 /* Debug */,
				589052A2EEA94C7FBA8D4BBC /* Release */,
			);
			defaultConfigurationIsVisible = 0;
			defaultConfigurationName = Release;
		};
/* End XCConfigurationList section */

	};
	rootObject = 07FAB750A7014B06ADA7D530 /* Project object */;
}
