// !$*UTF8*$!
{
	archiveVersion = 1;
	classes = {
	};
	objectVersion = 56;
	objects = {

/* Begin PBXBuildFile section */
		BDE167E7868841F084B2ED3C /* TinyFoodTourApp.swift in Sources */ = {isa = PBXBuildFile; fileRef = DFBDB5572ECF47EBA045DC05 /* TinyFoodTourApp.swift */; };
		866467B2E3D34664AC026958 /* Tour.swift in Sources */ = {isa = PBXBuildFile; fileRef = A44D0E9C32D341A68FE368C8 /* Tour.swift */; };
		7C3AFDF1E8CA4F4E93C90B69 /* QuizStep.swift in Sources */ = {isa = PBXBuildFile; fileRef = 0DBCFFDCB8FE445F8D7CA02C /* QuizStep.swift */; };
		3DBCF5DAD8574D34BA1F6848 /* SupabaseService.swift in Sources */ = {isa = PBXBuildFile; fileRef = 70941735713C451584EB98A1 /* SupabaseService.swift */; };
		A310694CFF5F47F1BFA4BC4E /* LocationService.swift in Sources */ = {isa = PBXBuildFile; fileRef = 8784504C1C4C4133B0D42D4D /* LocationService.swift */; };
		E458142B8D95478492D5D74C /* AuthViewModel.swift in Sources */ = {isa = PBXBuildFile; fileRef = 54C9FF67530449229D44AA33 /* AuthViewModel.swift */; };
		2E5AC0A580E542228C956AC3 /* QuizViewModel.swift in Sources */ = {isa = PBXBuildFile; fileRef = 3B330D2608E048F0A1C12B44 /* QuizViewModel.swift */; };
		BF9237F1392242E89B3EBC5F /* TourViewModel.swift in Sources */ = {isa = PBXBuildFile; fileRef = 33D4E0DE41054BB18F4A4262 /* TourViewModel.swift */; };
		607CBA4E02E34E1A973C2213 /* LiveTourViewModel.swift in Sources */ = {isa = PBXBuildFile; fileRef = ADE84864E02F45BCB7C3E066 /* LiveTourViewModel.swift */; };
		306A0D6DD49045DCA1078E4F /* BrandMarkView.swift in Sources */ = {isa = PBXBuildFile; fileRef = 8E25A91C54EC430A9240EDE7 /* BrandMarkView.swift */; };
		06A5296D980B4831837193F4 /* StopLabel.swift in Sources */ = {isa = PBXBuildFile; fileRef = 3E3A05A05AF6414592A55C08 /* StopLabel.swift */; };
		5165A5FEE23D4467866E6BD3 /* StatusBarModifier.swift in Sources */ = {isa = PBXBuildFile; fileRef = 0A1ACDC6E43F46A08638097B /* StatusBarModifier.swift */; };
		59D5F4C64E754F1D98A0AC6C /* SafeArea.swift in Sources */ = {isa = PBXBuildFile; fileRef = 8F56FB1CF94141C39A4C0854 /* SafeArea.swift */; };
		280E520E39204DC5AD9084C3 /* SplashView.swift in Sources */ = {isa = PBXBuildFile; fileRef = 2763A2DED90D43B3A8C744CF /* SplashView.swift */; };
		9B35F1199D7D432D898F0623 /* MapViews.swift in Sources */ = {isa = PBXBuildFile; fileRef = 25364218782F42919A407ACE /* MapViews.swift */; };
		474040C6C3EF451AA1CEE970 /* Notifications.swift in Sources */ = {isa = PBXBuildFile; fileRef = B41F0AEDF4F4429A93688F73 /* Notifications.swift */; };
		EB840D32F5184C5EA8E9E2F4 /* HomeView.swift in Sources */ = {isa = PBXBuildFile; fileRef = E7078F5F62C44C4BB133FAAB /* HomeView.swift */; };
		83A11CA1335B4102886951D0 /* QuizView.swift in Sources */ = {isa = PBXBuildFile; fileRef = EDA2663B631E44898BC94C91 /* QuizView.swift */; };
		AA45F3868652407A8AF01D64 /* NeighborhoodStepView.swift in Sources */ = {isa = PBXBuildFile; fileRef = 5E1F5B51A3224368885AA1E9 /* NeighborhoodStepView.swift */; };
		40CFAAE2C2EA4F79B8DEC352 /* GeneratingView.swift in Sources */ = {isa = PBXBuildFile; fileRef = 675389E480F14DB7B209F753 /* GeneratingView.swift */; };
		18C79E0476A34430B2DC8810 /* ResultsView.swift in Sources */ = {isa = PBXBuildFile; fileRef = 752A310BFF89405591272B05 /* ResultsView.swift */; };
		C8641BC17AC547DE8405E6F9 /* LiveTourView.swift in Sources */ = {isa = PBXBuildFile; fileRef = 0EB1BD06A1F44D2B8A1AC53F /* LiveTourView.swift */; };
		52B0CE31612345D0B063D838 /* AuthView.swift in Sources */ = {isa = PBXBuildFile; fileRef = 4D924497F24D44C8A0986FFC /* AuthView.swift */; };
		26B96886C9984C758F17D6D3 /* ProfileView.swift in Sources */ = {isa = PBXBuildFile; fileRef = DEFBDC67FCC2450686420D92 /* ProfileView.swift */; };
		9EF2321A052B4476AAC55519 /* ProfileViewModel.swift in Sources */ = {isa = PBXBuildFile; fileRef = E11FE93895D048ACB117C339 /* ProfileViewModel.swift */; };
		3111FC759B3847779D4C1409 /* Assets.xcassets in Resources */ = {isa = PBXBuildFile; fileRef = C4D467164319476DBEDA902B /* Assets.xcassets */; };
		7AA9C5EBF34A4097A9983539 /* Preview Assets.xcassets in Resources */ = {isa = PBXBuildFile; fileRef = 5696F226F69A46A88EC3F3D0 /* Preview Assets.xcassets */; };
/* End PBXBuildFile section */

/* Begin PBXFileReference section */
		DFBDB5572ECF47EBA045DC05 /* TinyFoodTourApp.swift */ = {isa = PBXFileReference; lastKnownFileType = sourcecode.swift; path = TinyFoodTourApp.swift; sourceTree = "<group>"; };
		A44D0E9C32D341A68FE368C8 /* Tour.swift */ = {isa = PBXFileReference; lastKnownFileType = sourcecode.swift; path = Tour.swift; sourceTree = "<group>"; };
		0DBCFFDCB8FE445F8D7CA02C /* QuizStep.swift */ = {isa = PBXFileReference; lastKnownFileType = sourcecode.swift; path = QuizStep.swift; sourceTree = "<group>"; };
		70941735713C451584EB98A1 /* SupabaseService.swift */ = {isa = PBXFileReference; lastKnownFileType = sourcecode.swift; path = SupabaseService.swift; sourceTree = "<group>"; };
		8784504C1C4C4133B0D42D4D /* LocationService.swift */ = {isa = PBXFileReference; lastKnownFileType = sourcecode.swift; path = LocationService.swift; sourceTree = "<group>"; };
		54C9FF67530449229D44AA33 /* AuthViewModel.swift */ = {isa = PBXFileReference; lastKnownFileType = sourcecode.swift; path = AuthViewModel.swift; sourceTree = "<group>"; };
		3B330D2608E048F0A1C12B44 /* QuizViewModel.swift */ = {isa = PBXFileReference; lastKnownFileType = sourcecode.swift; path = QuizViewModel.swift; sourceTree = "<group>"; };
		33D4E0DE41054BB18F4A4262 /* TourViewModel.swift */ = {isa = PBXFileReference; lastKnownFileType = sourcecode.swift; path = TourViewModel.swift; sourceTree = "<group>"; };
		ADE84864E02F45BCB7C3E066 /* LiveTourViewModel.swift */ = {isa = PBXFileReference; lastKnownFileType = sourcecode.swift; path = LiveTourViewModel.swift; sourceTree = "<group>"; };
		8E25A91C54EC430A9240EDE7 /* BrandMarkView.swift */ = {isa = PBXFileReference; lastKnownFileType = sourcecode.swift; path = BrandMarkView.swift; sourceTree = "<group>"; };
		3E3A05A05AF6414592A55C08 /* StopLabel.swift */ = {isa = PBXFileReference; lastKnownFileType = sourcecode.swift; path = StopLabel.swift; sourceTree = "<group>"; };
		0A1ACDC6E43F46A08638097B /* StatusBarModifier.swift */ = {isa = PBXFileReference; lastKnownFileType = sourcecode.swift; path = StatusBarModifier.swift; sourceTree = "<group>"; };
		8F56FB1CF94141C39A4C0854 /* SafeArea.swift */ = {isa = PBXFileReference; lastKnownFileType = sourcecode.swift; path = SafeArea.swift; sourceTree = "<group>"; };
		2763A2DED90D43B3A8C744CF /* SplashView.swift */ = {isa = PBXFileReference; lastKnownFileType = sourcecode.swift; path = SplashView.swift; sourceTree = "<group>"; };
		25364218782F42919A407ACE /* MapViews.swift */ = {isa = PBXFileReference; lastKnownFileType = sourcecode.swift; path = MapViews.swift; sourceTree = "<group>"; };
		B41F0AEDF4F4429A93688F73 /* Notifications.swift */ = {isa = PBXFileReference; lastKnownFileType = sourcecode.swift; path = Notifications.swift; sourceTree = "<group>"; };
		E7078F5F62C44C4BB133FAAB /* HomeView.swift */ = {isa = PBXFileReference; lastKnownFileType = sourcecode.swift; path = HomeView.swift; sourceTree = "<group>"; };
		EDA2663B631E44898BC94C91 /* QuizView.swift */ = {isa = PBXFileReference; lastKnownFileType = sourcecode.swift; path = QuizView.swift; sourceTree = "<group>"; };
		5E1F5B51A3224368885AA1E9 /* NeighborhoodStepView.swift */ = {isa = PBXFileReference; lastKnownFileType = sourcecode.swift; path = NeighborhoodStepView.swift; sourceTree = "<group>"; };
		675389E480F14DB7B209F753 /* GeneratingView.swift */ = {isa = PBXFileReference; lastKnownFileType = sourcecode.swift; path = GeneratingView.swift; sourceTree = "<group>"; };
		752A310BFF89405591272B05 /* ResultsView.swift */ = {isa = PBXFileReference; lastKnownFileType = sourcecode.swift; path = ResultsView.swift; sourceTree = "<group>"; };
		0EB1BD06A1F44D2B8A1AC53F /* LiveTourView.swift */ = {isa = PBXFileReference; lastKnownFileType = sourcecode.swift; path = LiveTourView.swift; sourceTree = "<group>"; };
		4D924497F24D44C8A0986FFC /* AuthView.swift */ = {isa = PBXFileReference; lastKnownFileType = sourcecode.swift; path = AuthView.swift; sourceTree = "<group>"; };
		DEFBDC67FCC2450686420D92 /* ProfileView.swift */ = {isa = PBXFileReference; lastKnownFileType = sourcecode.swift; path = ProfileView.swift; sourceTree = "<group>"; };
		E11FE93895D048ACB117C339 /* ProfileViewModel.swift */ = {isa = PBXFileReference; lastKnownFileType = sourcecode.swift; path = ProfileViewModel.swift; sourceTree = "<group>"; };
		0A2C5E23DA234C079C9291D8 /* TinyFoodTour.app */ = {isa = PBXFileReference; explicitFileType = wrapper.application; includeInIndex = 0; path = TinyFoodTour.app; sourceTree = BUILT_PRODUCTS_DIR; };
		C4D467164319476DBEDA902B /* Assets.xcassets */ = {isa = PBXFileReference; lastKnownFileType = folder.assetcatalog; path = Assets.xcassets; sourceTree = "<group>"; };
		CCACC6F296F34AD2ACA15484 /* Info.plist */ = {isa = PBXFileReference; lastKnownFileType = text.plist.xml; path = Info.plist; sourceTree = "<group>"; };
		5696F226F69A46A88EC3F3D0 /* Preview Assets.xcassets */ = {isa = PBXFileReference; lastKnownFileType = folder.assetcatalog; path = "Preview Assets.xcassets"; sourceTree = "<group>"; };
		BD7EA4BE7F944C73A56CC820 /* LaunchScreen.storyboard */ = {isa = PBXFileReference; lastKnownFileType = file.storyboard; path = LaunchScreen.storyboard; sourceTree = "<group>"; };
/* End PBXFileReference section */

/* Begin PBXFrameworksBuildPhase section */
		9FEEE7F8508C4B64A4CAB76F /* Frameworks */ = {
			isa = PBXFrameworksBuildPhase;
			buildActionMask = 2147483647;
			files = (
			);
			runOnlyForDeploymentPostprocessing = 0;
		};
/* End PBXFrameworksBuildPhase section */

/* Begin PBXGroup section */
		AC65B52A13284C7EBF7E9B6A = {
			isa = PBXGroup;
			children = (
				6D2A3E632EED4949A076425C /* TinyFoodTour */,
				6D26E345E4B4449587E1C2C1 /* Products */,
			);
			sourceTree = "<group>";
		};
		6D26E345E4B4449587E1C2C1 = {
			isa = PBXGroup;
			children = (
				0A2C5E23DA234C079C9291D8 /* TinyFoodTour.app */,
			);
			name = Products;
			sourceTree = "<group>";
		};
		6D2A3E632EED4949A076425C = {
			isa = PBXGroup;
			children = (
				DFBDB5572ECF47EBA045DC05 /* TinyFoodTourApp.swift */,
				D91FA0450A01492F985EB430 /* Models */,
				BBCF65B44CB64B609A3738FA /* Services */,
				7619839AA7564944913793B8 /* ViewModels */,
				8B651C49EAE14567A6A98DE4 /* Views */,
				C4D467164319476DBEDA902B /* Assets.xcassets */,
				CCACC6F296F34AD2ACA15484 /* Info.plist */,
				60145069EF2D4112959FEC4C /* Preview Content */,
				1D02630BBB414B9EB5D2EBD4 /* Launch */,
			);
			path = TinyFoodTour;
			sourceTree = "<group>";
		};
		1D02630BBB414B9EB5D2EBD4 = {
			isa = PBXGroup;
			children = (
				BD7EA4BE7F944C73A56CC820 /* LaunchScreen.storyboard */,
			);
			path = Launch;
			sourceTree = "<group>";
		};
		60145069EF2D4112959FEC4C = {
			isa = PBXGroup;
			children = (
				5696F226F69A46A88EC3F3D0 /* Preview Assets.xcassets */,
			);
			path = "Preview Content";
			sourceTree = "<group>";
		};
		D91FA0450A01492F985EB430 = {
			isa = PBXGroup;
			children = (
				A44D0E9C32D341A68FE368C8 /* Tour.swift */,
				0DBCFFDCB8FE445F8D7CA02C /* QuizStep.swift */,
			);
			path = Models;
			sourceTree = "<group>";
		};
		BBCF65B44CB64B609A3738FA = {
			isa = PBXGroup;
			children = (
				70941735713C451584EB98A1 /* SupabaseService.swift */,
				8784504C1C4C4133B0D42D4D /* LocationService.swift */,
			);
			path = Services;
			sourceTree = "<group>";
		};
		7619839AA7564944913793B8 = {
			isa = PBXGroup;
			children = (
				54C9FF67530449229D44AA33 /* AuthViewModel.swift */,
				3B330D2608E048F0A1C12B44 /* QuizViewModel.swift */,
				33D4E0DE41054BB18F4A4262 /* TourViewModel.swift */,
				ADE84864E02F45BCB7C3E066 /* LiveTourViewModel.swift */,
				E11FE93895D048ACB117C339 /* ProfileViewModel.swift */,
			);
			path = ViewModels;
			sourceTree = "<group>";
		};
		8B651C49EAE14567A6A98DE4 = {
			isa = PBXGroup;
			children = (
				F07064313640431691FF614E /* Shared */,
				33677AD3F08B49148BDC5277 /* Home */,
				8624C11C7D7B4380BA17BC3B /* Quiz */,
				2467DC66C01F42C3947E9641 /* Generating */,
				BBFA59E7448B457699E8787F /* Results */,
				8FB2DC806D0D4BD8B523574F /* LiveTour */,
				600C41D6F7FE43C799083486 /* Auth */,
			);
			path = Views;
			sourceTree = "<group>";
		};
		F07064313640431691FF614E = {
			isa = PBXGroup;
			children = (
				8E25A91C54EC430A9240EDE7 /* BrandMarkView.swift */,
				3E3A05A05AF6414592A55C08 /* StopLabel.swift */,
				0A1ACDC6E43F46A08638097B /* StatusBarModifier.swift */,
				8F56FB1CF94141C39A4C0854 /* SafeArea.swift */,
				2763A2DED90D43B3A8C744CF /* SplashView.swift */,
				25364218782F42919A407ACE /* MapViews.swift */,
				B41F0AEDF4F4429A93688F73 /* Notifications.swift */,
			);
			path = Shared;
			sourceTree = "<group>";
		};
		33677AD3F08B49148BDC5277 = {
			isa = PBXGroup;
			children = (
				E7078F5F62C44C4BB133FAAB /* HomeView.swift */,
			);
			path = Home;
			sourceTree = "<group>";
		};
		8624C11C7D7B4380BA17BC3B = {
			isa = PBXGroup;
			children = (
				EDA2663B631E44898BC94C91 /* QuizView.swift */,
				5E1F5B51A3224368885AA1E9 /* NeighborhoodStepView.swift */,
			);
			path = Quiz;
			sourceTree = "<group>";
		};
		2467DC66C01F42C3947E9641 = {
			isa = PBXGroup;
			children = (
				675389E480F14DB7B209F753 /* GeneratingView.swift */,
			);
			path = Generating;
			sourceTree = "<group>";
		};
		BBFA59E7448B457699E8787F = {
			isa = PBXGroup;
			children = (
				752A310BFF89405591272B05 /* ResultsView.swift */,
			);
			path = Results;
			sourceTree = "<group>";
		};
		8FB2DC806D0D4BD8B523574F = {
			isa = PBXGroup;
			children = (
				0EB1BD06A1F44D2B8A1AC53F /* LiveTourView.swift */,
			);
			path = LiveTour;
			sourceTree = "<group>";
		};
		600C41D6F7FE43C799083486 = {
			isa = PBXGroup;
			children = (
				4D924497F24D44C8A0986FFC /* AuthView.swift */,
				DEFBDC67FCC2450686420D92 /* ProfileView.swift */,
			);
			path = Auth;
			sourceTree = "<group>";
		};
/* End PBXGroup section */

/* Begin PBXNativeTarget section */
		58401B714D5A4FC5A5AD56B2 /* TinyFoodTour */ = {
			isa = PBXNativeTarget;
			buildConfigurationList = C6FD6DE80ACB4CBE8124C6A8;
			buildPhases = (
				06333AACE0F640D78F779F2E /* Sources */,
				9FEEE7F8508C4B64A4CAB76F /* Frameworks */,
				40BEC2F294A54A859A5C1634 /* Resources */,
			);
			buildRules = (
			);
			dependencies = (
			);
			name = TinyFoodTour;
			productName = TinyFoodTour;
			productReference = 0A2C5E23DA234C079C9291D8 /* TinyFoodTour.app */;
			productType = "com.apple.product-type.application";
		};
/* End PBXNativeTarget section */

/* Begin PBXProject section */
		43C18397992341499B601988 /* Project object */ = {
			isa = PBXProject;
			attributes = {
				BuildIndependentTargetsInParallel = 1;
				LastSwiftUpdateCheck = 1500;
				LastUpgradeCheck = 1500;
				TargetAttributes = {
					58401B714D5A4FC5A5AD56B2 = {
						CreatedOnToolsVersion = 15.0;
					};
				};
			};
			buildConfigurationList = C296BB411177470CB4D9E91F;
			compatibilityVersion = "Xcode 14.0";
			developmentRegion = en;
			hasScannedForEncodings = 0;
			knownRegions = (
				en,
				Base,
			);
			mainGroup = AC65B52A13284C7EBF7E9B6A;
			productRefGroup = 6D26E345E4B4449587E1C2C1 /* Products */;
			projectDirPath = "";
			projectRoot = "";
			targets = (
				58401B714D5A4FC5A5AD56B2 /* TinyFoodTour */,
			);
		};
/* End PBXProject section */

/* Begin PBXResourcesBuildPhase section */
		40BEC2F294A54A859A5C1634 /* Resources */ = {
			isa = PBXResourcesBuildPhase;
			buildActionMask = 2147483647;
			files = (
				3111FC759B3847779D4C1409 /* Assets.xcassets in Resources */,
				7AA9C5EBF34A4097A9983539 /* Preview Assets.xcassets in Resources */,
			);
			runOnlyForDeploymentPostprocessing = 0;
		};
/* End PBXResourcesBuildPhase section */

/* Begin PBXSourcesBuildPhase section */
		06333AACE0F640D78F779F2E /* Sources */ = {
			isa = PBXSourcesBuildPhase;
			buildActionMask = 2147483647;
			files = (
				BDE167E7868841F084B2ED3C /* TinyFoodTourApp.swift in Sources */,
				866467B2E3D34664AC026958 /* Tour.swift in Sources */,
				7C3AFDF1E8CA4F4E93C90B69 /* QuizStep.swift in Sources */,
				3DBCF5DAD8574D34BA1F6848 /* SupabaseService.swift in Sources */,
				A310694CFF5F47F1BFA4BC4E /* LocationService.swift in Sources */,
				E458142B8D95478492D5D74C /* AuthViewModel.swift in Sources */,
				2E5AC0A580E542228C956AC3 /* QuizViewModel.swift in Sources */,
				BF9237F1392242E89B3EBC5F /* TourViewModel.swift in Sources */,
				607CBA4E02E34E1A973C2213 /* LiveTourViewModel.swift in Sources */,
				306A0D6DD49045DCA1078E4F /* BrandMarkView.swift in Sources */,
				06A5296D980B4831837193F4 /* StopLabel.swift in Sources */,
				5165A5FEE23D4467866E6BD3 /* StatusBarModifier.swift in Sources */,
				59D5F4C64E754F1D98A0AC6C /* SafeArea.swift in Sources */,
				280E520E39204DC5AD9084C3 /* SplashView.swift in Sources */,
				9B35F1199D7D432D898F0623 /* MapViews.swift in Sources */,
				474040C6C3EF451AA1CEE970 /* Notifications.swift in Sources */,
				EB840D32F5184C5EA8E9E2F4 /* HomeView.swift in Sources */,
				83A11CA1335B4102886951D0 /* QuizView.swift in Sources */,
				AA45F3868652407A8AF01D64 /* NeighborhoodStepView.swift in Sources */,
				40CFAAE2C2EA4F79B8DEC352 /* GeneratingView.swift in Sources */,
				18C79E0476A34430B2DC8810 /* ResultsView.swift in Sources */,
				C8641BC17AC547DE8405E6F9 /* LiveTourView.swift in Sources */,
				52B0CE31612345D0B063D838 /* AuthView.swift in Sources */,
				26B96886C9984C758F17D6D3 /* ProfileView.swift in Sources */,
				9EF2321A052B4476AAC55519 /* ProfileViewModel.swift in Sources */,
			);
			runOnlyForDeploymentPostprocessing = 0;
		};
/* End PBXSourcesBuildPhase section */

/* Begin XCBuildConfiguration section */
		7336D5151BA44BFC9872ABE4 /* Debug */ = {
			isa = XCBuildConfiguration;
			buildSettings = {
				ALWAYS_SEARCH_USER_PATHS = NO;
				CLANG_ENABLE_MODULES = YES;
				CLANG_ENABLE_OBJC_ARC = YES;
				COPY_PHASE_STRIP = NO;
				DEBUG_INFORMATION_FORMAT = dwarf;
				ENABLE_TESTABILITY = YES;
				GCC_DYNAMIC_NO_PIC = NO;
				GCC_NO_COMMON_BLOCKS = YES;
				GCC_OPTIMIZATION_LEVEL = 0;
				GCC_PREPROCESSOR_DEFINITIONS = (
					"DEBUG=1",
					"$(inherited)",
				);
				IPHONEOS_DEPLOYMENT_TARGET = 17.0;
				MTL_ENABLE_DEBUG_INFO = INCLUDE_SOURCE;
				MTL_FAST_MATH = YES;
				ONLY_ACTIVE_ARCH = YES;
				SDKROOT = iphoneos;
				SWIFT_ACTIVE_COMPILATION_CONDITIONS = DEBUG;
				SWIFT_OPTIMIZATION_LEVEL = "-Onone";
			};
			name = Debug;
		};
		D820819159104ABEACEBB227 /* Release */ = {
			isa = XCBuildConfiguration;
			buildSettings = {
				ALWAYS_SEARCH_USER_PATHS = NO;
				CLANG_ENABLE_MODULES = YES;
				CLANG_ENABLE_OBJC_ARC = YES;
				COPY_PHASE_STRIP = NO;
				DEBUG_INFORMATION_FORMAT = "dwarf-with-dsym";
				ENABLE_NS_ASSERTIONS = NO;
				IPHONEOS_DEPLOYMENT_TARGET = 17.0;
				MTL_FAST_MATH = YES;
				SDKROOT = iphoneos;
				SWIFT_COMPILATION_MODE = wholemodule;
				SWIFT_OPTIMIZATION_LEVEL = "-O";
				VALIDATE_PRODUCT = YES;
			};
			name = Release;
		};
		2DE4F615232149A18DBAE9D4 /* Debug */ = {
			isa = XCBuildConfiguration;
			buildSettings = {
				ASSETCATALOG_COMPILER_APPICON_NAME = AppIcon;
				ASSETCATALOG_COMPILER_GLOBAL_ACCENT_COLOR_NAME = AccentColor;
				CODE_SIGN_STYLE = Automatic;
				CURRENT_PROJECT_VERSION = 1;
				ENABLE_PREVIEWS = YES;
				GENERATE_INFOPLIST_FILE = NO;
				INFOPLIST_FILE = TinyFoodTour/Info.plist;
				IPHONEOS_DEPLOYMENT_TARGET = 17.0;
				MARKETING_VERSION = 1.0;
				PRODUCT_BUNDLE_IDENTIFIER = com.tinyfoodtour.app;
				PRODUCT_NAME = "$(TARGET_NAME)";
				SDKROOT = iphoneos;
				SUPPORTED_PLATFORMS = "iphoneos iphonesimulator";
				SWIFT_VERSION = 5.0;
				TARGETED_DEVICE_FAMILY = "1,2";
			};
			name = Debug;
		};
		21722F15D9354991BA7682EE /* Release */ = {
			isa = XCBuildConfiguration;
			buildSettings = {
				ASSETCATALOG_COMPILER_APPICON_NAME = AppIcon;
				ASSETCATALOG_COMPILER_GLOBAL_ACCENT_COLOR_NAME = AccentColor;
				CODE_SIGN_STYLE = Automatic;
				CURRENT_PROJECT_VERSION = 1;
				ENABLE_PREVIEWS = YES;
				GENERATE_INFOPLIST_FILE = NO;
				INFOPLIST_FILE = TinyFoodTour/Info.plist;
				IPHONEOS_DEPLOYMENT_TARGET = 17.0;
				MARKETING_VERSION = 1.0;
				PRODUCT_BUNDLE_IDENTIFIER = com.tinyfoodtour.app;
				PRODUCT_NAME = "$(TARGET_NAME)";
				SDKROOT = iphoneos;
				SUPPORTED_PLATFORMS = "iphoneos iphonesimulator";
				SWIFT_VERSION = 5.0;
				TARGETED_DEVICE_FAMILY = "1,2";
			};
			name = Release;
		};
/* End XCBuildConfiguration section */

/* Begin XCConfigurationList section */
		C296BB411177470CB4D9E91F /* Build configuration list for PBXProject "TinyFoodTour" */ = {
			isa = XCConfigurationList;
			buildConfigurations = (
				7336D5151BA44BFC9872ABE4 /* Debug */,
				D820819159104ABEACEBB227 /* Release */,
			);
			defaultConfigurationIsVisible = 0;
			defaultConfigurationName = Release;
		};
		C6FD6DE80ACB4CBE8124C6A8 /* Build configuration list for PBXNativeTarget "TinyFoodTour" */ = {
			isa = XCConfigurationList;
			buildConfigurations = (
				2DE4F615232149A18DBAE9D4 /* Debug */,
				21722F15D9354991BA7682EE /* Release */,
			);
			defaultConfigurationIsVisible = 0;
			defaultConfigurationName = Release;
		};
/* End XCConfigurationList section */

	};
	rootObject = 43C18397992341499B601988 /* Project object */;
}
